
Microsoft Visual Studio Solution File, Format Version 12.00
# Visual Studio Version 17
VisualStudioVersion = 17.14.36408.4
MinimumVisualStudioVersion = 10.0.40219.1
Project("{FAE04EC0-301F-11D3-BF4B-00C04F79EFBC}") = "Data", "Data\Data.csproj", "{9611289B-4395-4709-B2E7-1EA7A3C94C46}"
EndProject
Project("{FAE04EC0-301F-11D3-BF4B-00C04F79EFBC}") = "Core", "Core\Core.csproj", "{7DC19BCD-CE21-41C7-A95B-E3D833A77585}"
EndProject
Project("{FAE04EC0-301F-11D3-BF4B-00C04F79EFBC}") = "Infrastructure", "Infrastructure\Infrastructure.csproj", "{6A5922FB-0D21-44BF-99E1-005507F23D5C}"
EndProject
Project("{FAE04EC0-301F-11D3-BF4B-00C04F79EFBC}") = "API", "API\API.csproj", "{107D5057-2E9E-4E1A-91D4-BFD0A42F7A65}"
EndProject
Global
	GlobalSection(SolutionConfigurationPlatforms) = preSolution
		Debug|Any CPU = Debug|Any CPU
		Release|Any CPU = Release|Any CPU
	EndGlobalSection
	GlobalSection(ProjectConfigurationPlatforms) = postSolution
		{9611289B-4395-4709-B2E7-1EA7A3C94C46}.Debug|Any CPU.ActiveCfg = Debug|Any CPU
		{9611289B-4395-4709-B2E7-1EA7A3C94C46}.Debug|Any CPU.Build.0 = Debug|Any CPU
		{9611289B-4395-4709-B2E7-1EA7A3C94C46}.Release|Any CPU.ActiveCfg = Release|Any CPU
		{9611289B-4395-4709-B2E7-1EA7A3C94C46}.Release|Any CPU.Build.0 = Release|Any CPU
		{7DC19BCD-CE21-41C7-A95B-E3D833A77585}.Debug|Any CPU.ActiveCfg = Debug|Any CPU
		{7DC19BCD-CE21-41C7-A95B-E3D833A77585}.Debug|Any CPU.Build.0 = Debug|Any CPU
		{7DC19BCD-CE21-41C7-A95B-E3D833A77585}.Release|Any CPU.ActiveCfg = Release|Any CPU
		{7DC19BCD-CE21-41C7-A95B-E3D833A77585}.Release|Any CPU.Build.0 = Release|Any CPU
		{6A5922FB-0D21-44BF-99E1-005507F23D5C}.Debug|Any CPU.ActiveCfg = Debug|Any CPU
		{6A5922FB-0D21-44BF-99E1-005507F23D5C}.Debug|Any CPU.Build.0 = Debug|Any CPU
		{6A5922FB-0D21-44BF-99E1-005507F23D5C}.Release|Any CPU.ActiveCfg = Release|Any CPU
		{6A5922FB-0D21-44BF-99E1-005507F23D5C}.Release|Any CPU.Build.0 = Release|Any CPU
		{107D5057-2E9E-4E1A-91D4-BFD0A42F7A65}.Debug|Any CPU.ActiveCfg = Debug|Any CPU
		{107D5057-2E9E-4E1A-91D4-BFD0A42F7A65}.Debug|Any CPU.Build.0 = Debug|Any CPU
		{107D5057-2E9E-4E1A-91D4-BFD0A42F7A65}.Release|Any CPU.ActiveCfg = Release|Any CPU
		{107D5057-2E9E-4E1A-91D4-BFD0A42F7A65}.Release|Any CPU.Build.0 = Release|Any CPU
	EndGlobalSection
	GlobalSection(SolutionProperties) = preSolution
		HideSolutionNode = FALSE
	EndGlobalSection
	GlobalSection(ExtensibilityGlobals) = postSolution
		SolutionGuid = {C794D8F8-7010-4874-B279-5CA71AE94CD7}
	EndGlobalSection
EndGlobal
